
Microsoft Visual Studio Solution File, Format Version 12.00
# Visual Studio 15
VisualStudioVersion = 15.0.26206.0
MinimumVisualStudioVersion = 10.0.40219.1
Project("{FAE04EC0-301F-11D3-BF4B-00C04F79EFBC}") = "TodoList.Domain", "TodoList.Domain\TodoList.Domain.csproj", "{30B94EAB-1CA9-467D-B500-CEA054C06A4A}"
EndProject
Project("{FAE04EC0-301F-11D3-BF4B-00C04F79EFBC}") = "TodoList.Services", "TodoList.Services\TodoList.Services.csproj", "{93861332-07E4-4159-94BB-E6D61E6A27F7}"
EndProject
Project("{FAE04EC0-301F-11D3-BF4B-00C04F79EFBC}") = "TodoList.Common", "TodoList.Common\TodoList.Common.csproj", "{83B10783-3E08-494D-8283-7A538FD4B395}"
EndProject
Project("{FAE04EC0-301F-11D3-BF4B-00C04F79EFBC}") = "TodoList.Fakes", "TodoList.Fakes\TodoList.Fakes.csproj", "{E3D135F5-0022-4C5B-A289-4A498DA93298}"
EndProject
Project("{9A19103F-16F7-4668-BE54-9A1E7A4F7556}") = "ToDoList.Web", "ToDoList.Web\ToDoList.Web.csproj", "{6A921067-5499-4057-A246-908A4A644ECF}"
EndProject
Global
	GlobalSection(SolutionConfigurationPlatforms) = preSolution
		Debug|Any CPU = Debug|Any CPU
		Debug|x64 = Debug|x64
		Debug|x86 = Debug|x86
		Release|Any CPU = Release|Any CPU
		Release|x64 = Release|x64
		Release|x86 = Release|x86
	EndGlobalSection
	GlobalSection(ProjectConfigurationPlatforms) = postSolution
		{30B94EAB-1CA9-467D-B500-CEA054C06A4A}.Debug|Any CPU.ActiveCfg = Debug|Any CPU
		{30B94EAB-1CA9-467D-B500-CEA054C06A4A}.Debug|Any CPU.Build.0 = Debug|Any CPU
		{30B94EAB-1CA9-467D-B500-CEA054C06A4A}.Debug|x64.ActiveCfg = Debug|x64
		{30B94EAB-1CA9-467D-B500-CEA054C06A4A}.Debug|x64.Build.0 = Debug|x64
		{30B94EAB-1CA9-467D-B500-CEA054C06A4A}.Debug|x86.ActiveCfg = Debug|x86
		{30B94EAB-1CA9-467D-B500-CEA054C06A4A}.Debug|x86.Build.0 = Debug|x86
		{30B94EAB-1CA9-467D-B500-CEA054C06A4A}.Release|Any CPU.ActiveCfg = Release|Any CPU
		{30B94EAB-1CA9-467D-B500-CEA054C06A4A}.Release|Any CPU.Build.0 = Release|Any CPU
		{30B94EAB-1CA9-467D-B500-CEA054C06A4A}.Release|x64.ActiveCfg = Release|x64
		{30B94EAB-1CA9-467D-B500-CEA054C06A4A}.Release|x64.Build.0 = Release|x64
		{30B94EAB-1CA9-467D-B500-CEA054C06A4A}.Release|x86.ActiveCfg = Release|x86
		{30B94EAB-1CA9-467D-B500-CEA054C06A4A}.Release|x86.Build.0 = Release|x86
		{93861332-07E4-4159-94BB-E6D61E6A27F7}.Debug|Any CPU.ActiveCfg = Debug|Any CPU
		{93861332-07E4-4159-94BB-E6D61E6A27F7}.Debug|Any CPU.Build.0 = Debug|Any CPU
		{93861332-07E4-4159-94BB-E6D61E6A27F7}.Debug|x64.ActiveCfg = Debug|x64
		{93861332-07E4-4159-94BB-E6D61E6A27F7}.Debug|x64.Build.0 = Debug|x64
		{93861332-07E4-4159-94BB-E6D61E6A27F7}.Debug|x86.ActiveCfg = Debug|x86
		{93861332-07E4-4159-94BB-E6D61E6A27F7}.Debug|x86.Build.0 = Debug|x86
		{93861332-07E4-4159-94BB-E6D61E6A27F7}.Release|Any CPU.ActiveCfg = Release|Any CPU
		{93861332-07E4-4159-94BB-E6D61E6A27F7}.Release|Any CPU.Build.0 = Release|Any CPU
		{93861332-07E4-4159-94BB-E6D61E6A27F7}.Release|x64.ActiveCfg = Release|x64
		{93861332-07E4-4159-94BB-E6D61E6A27F7}.Release|x64.Build.0 = Release|x64
		{93861332-07E4-4159-94BB-E6D61E6A27F7}.Release|x86.ActiveCfg = Release|x86
		{93861332-07E4-4159-94BB-E6D61E6A27F7}.Release|x86.Build.0 = Release|x86
		{83B10783-3E08-494D-8283-7A538FD4B395}.Debug|Any CPU.ActiveCfg = Debug|Any CPU
		{83B10783-3E08-494D-8283-7A538FD4B395}.Debug|Any CPU.Build.0 = Debug|Any CPU
		{83B10783-3E08-494D-8283-7A538FD4B395}.Debug|x64.ActiveCfg = Debug|x64
		{83B10783-3E08-494D-8283-7A538FD4B395}.Debug|x64.Build.0 = Debug|x64
		{83B10783-3E08-494D-8283-7A538FD4B395}.Debug|x86.ActiveCfg = Debug|x86
		{83B10783-3E08-494D-8283-7A538FD4B395}.Debug|x86.Build.0 = Debug|x86
		{83B10783-3E08-494D-8283-7A538FD4B395}.Release|Any CPU.ActiveCfg = Release|Any CPU
		{83B10783-3E08-494D-8283-7A538FD4B395}.Release|Any CPU.Build.0 = Release|Any CPU
		{83B10783-3E08-494D-8283-7A538FD4B395}.Release|x64.ActiveCfg = Release|x64
		{83B10783-3E08-494D-8283-7A538FD4B395}.Release|x64.Build.0 = Release|x64
		{83B10783-3E08-494D-8283-7A538FD4B395}.Release|x86.ActiveCfg = Release|x86
		{83B10783-3E08-494D-8283-7A538FD4B395}.Release|x86.Build.0 = Release|x86
		{E3D135F5-0022-4C5B-A289-4A498DA93298}.Debug|Any CPU.ActiveCfg = Debug|Any CPU
		{E3D135F5-0022-4C5B-A289-4A498DA93298}.Debug|Any CPU.Build.0 = Debug|Any CPU
		{E3D135F5-0022-4C5B-A289-4A498DA93298}.Debug|x64.ActiveCfg = Debug|x64
		{E3D135F5-0022-4C5B-A289-4A498DA93298}.Debug|x64.Build.0 = Debug|x64
		{E3D135F5-0022-4C5B-A289-4A498DA93298}.Debug|x86.ActiveCfg = Debug|x86
		{E3D135F5-0022-4C5B-A289-4A498DA93298}.Debug|x86.Build.0 = Debug|x86
		{E3D135F5-0022-4C5B-A289-4A498DA93298}.Release|Any CPU.ActiveCfg = Release|Any CPU
		{E3D135F5-0022-4C5B-A289-4A498DA93298}.Release|Any CPU.Build.0 = Release|Any CPU
		{E3D135F5-0022-4C5B-A289-4A498DA93298}.Release|x64.ActiveCfg = Release|x64
		{E3D135F5-0022-4C5B-A289-4A498DA93298}.Release|x64.Build.0 = Release|x64
		{E3D135F5-0022-4C5B-A289-4A498DA93298}.Release|x86.ActiveCfg = Release|x86
		{E3D135F5-0022-4C5B-A289-4A498DA93298}.Release|x86.Build.0 = Release|x86
		{6A921067-5499-4057-A246-908A4A644ECF}.Debug|Any CPU.ActiveCfg = Debug|Any CPU
		{6A921067-5499-4057-A246-908A4A644ECF}.Debug|Any CPU.Build.0 = Debug|Any CPU
		{6A921067-5499-4057-A246-908A4A644ECF}.Debug|x64.ActiveCfg = Debug|x64
		{6A921067-5499-4057-A246-908A4A644ECF}.Debug|x64.Build.0 = Debug|x64
		{6A921067-5499-4057-A246-908A4A644ECF}.Debug|x86.ActiveCfg = Debug|x86
		{6A921067-5499-4057-A246-908A4A644ECF}.Debug|x86.Build.0 = Debug|x86
		{6A921067-5499-4057-A246-908A4A644ECF}.Release|Any CPU.ActiveCfg = Release|Any CPU
		{6A921067-5499-4057-A246-908A4A644ECF}.Release|Any CPU.Build.0 = Release|Any CPU
		{6A921067-5499-4057-A246-908A4A644ECF}.Release|x64.ActiveCfg = Release|x64
		{6A921067-5499-4057-A246-908A4A644ECF}.Release|x64.Build.0 = Release|x64
		{6A921067-5499-4057-A246-908A4A644ECF}.Release|x86.ActiveCfg = Release|x86
		{6A921067-5499-4057-A246-908A4A644ECF}.Release|x86.Build.0 = Release|x86
	EndGlobalSection
	GlobalSection(SolutionProperties) = preSolution
		HideSolutionNode = FALSE
	EndGlobalSection
EndGlobal
